// !$*UTF8*$!
{
	archiveVersion = 1;
	classes = {
	};
	objectVersion = 77;
	objects = {

/* Begin PBXBuildFile section */
		9345E0DF2FE2920200DC79D9 /* SwiftUI.framework in Frameworks */ = {isa = PBXBuildFile; fileRef = 9345E0DE2FE2920200DC79D9 /* SwiftUI.framework */; };
		9345E0EE2FE2920300DC79D9 /* AuriBudsWidgetExtension.appex in Embed Foundation Extensions */ = {isa = PBXBuildFile; fileRef = 9345E0DB2FE2920200DC79D9 /* AuriBudsWidgetExtension.appex */; settings = {ATTRIBUTES = (RemoveHeadersOnCopy, ); }; };
		9345E0F52FE2C58800DC79D9 /* WidgetKit.framework in Frameworks */ = {isa = PBXBuildFile; fileRef = 9345E0F42FE2C58800DC79D9 /* WidgetKit.framework */; };
		9345E0FE2FE2C59800DC79D9 /* Assets.xcassets in Resources */ = {isa = PBXBuildFile; fileRef = 9345E0F72FE2C59800DC79D9 /* Assets.xcassets */; };
		9345E0FF2FE2C59800DC79D9 /* AuriBudsWidgetControl.swift in Sources */ = {isa = PBXBuildFile; fileRef = 9345E0FA2FE2C59800DC79D9 /* AuriBudsWidgetControl.swift */; };
		9345E1002FE2C59800DC79D9 /* AuriBudsWidget.swift in Sources */ = {isa = PBXBuildFile; fileRef = 9345E0F82FE2C59800DC79D9 /* AuriBudsWidget.swift */; };
		9345E1012FE2C59800DC79D9 /* AuriBudsWidgetBundle.swift in Sources */ = {isa = PBXBuildFile; fileRef = 9345E0F92FE2C59800DC79D9 /* AuriBudsWidgetBundle.swift */; };
		9345E1022FE2C59800DC79D9 /* AppIntent.swift in Sources */ = {isa = PBXBuildFile; fileRef = 9345E0F62FE2C59800DC79D9 /* AppIntent.swift */; };
		93F3DFAB2FE6EB36007FD8B8 /* AppIcon.icon in Resources */ = {isa = PBXBuildFile; fileRef = 93F3DFAA2FE6EB36007FD8B8 /* AppIcon.icon */; };
		93F3DFAC2FE6EB36007FD8B8 /* AppIcon.icon in Resources */ = {isa = PBXBuildFile; fileRef = 93F3DFAA2FE6EB36007FD8B8 /* AppIcon.icon */; };
		93F49AF72FE2C5B900AE665 /* WidgetHeadphoneData.swift in Sources */ = {isa = PBXBuildFile; fileRef = 93F49AF62FE2C5B900AE665 /* WidgetHeadphoneData.swift */; };
		93F49AF92FE2C5B900AE665 /* CoreBluetooth.framework in Frameworks */ = {isa = PBXBuildFile; fileRef = 93F49AF82FE2C5B900AE665 /* CoreBluetooth.framework */; };
		AA1000010000000000000001 /* IOBluetooth.framework in Frameworks */ = {isa = PBXBuildFile; fileRef = AA1000020000000000000001 /* IOBluetooth.framework */; };
		AA1000010000000000000002 /* CoreBluetooth.framework in Frameworks */ = {isa = PBXBuildFile; fileRef = AA1000020000000000000002 /* CoreBluetooth.framework */; };
		AA1000010000000000000003 /* WidgetKit.framework in Frameworks */ = {isa = PBXBuildFile; fileRef = 9345E0F42FE2C58800DC79D9 /* WidgetKit.framework */; };
/* End PBXBuildFile section */

/* Begin PBXContainerItemProxy section */
		9345E0EC2FE2920300DC79D9 /* PBXContainerItemProxy */ = {
			isa = PBXContainerItemProxy;
			containerPortal = AA10000D0000000000000001 /* Project object */;
			proxyType = 1;
			remoteGlobalIDString = 9345E0DA2FE2920200DC79D9;
			remoteInfo = AuriBudsWidgetExtension;
		};
/* End PBXContainerItemProxy section */

/* Begin PBXCopyFilesBuildPhase section */
		9345E0F32FE2920300DC79D9 /* Embed Foundation Extensions */ = {
			isa = PBXCopyFilesBuildPhase;
			buildActionMask = 2147483647;
			dstPath = "";
			dstSubfolderSpec = 13;
			files = (
				9345E0EE2FE2920300DC79D9 /* AuriBudsWidgetExtension.appex in Embed Foundation Extensions */,
			);
			name = "Embed Foundation Extensions";
			runOnlyForDeploymentPostprocessing = 0;
		};
/* End PBXCopyFilesBuildPhase section */

/* Begin PBXFileReference section */
		9345E0DB2FE2920200DC79D9 /* AuriBudsWidgetExtension.appex */ = {isa = PBXFileReference; explicitFileType = "wrapper.app-extension"; includeInIndex = 0; path = AuriBudsWidgetExtension.appex; sourceTree = BUILT_PRODUCTS_DIR; };
		9345E0DE2FE2920200DC79D9 /* SwiftUI.framework */ = {isa = PBXFileReference; lastKnownFileType = wrapper.framework; name = SwiftUI.framework; path = System/Library/Frameworks/SwiftUI.framework; sourceTree = SDKROOT; };
		9345E0F42FE2C58800DC79D9 /* WidgetKit.framework */ = {isa = PBXFileReference; lastKnownFileType = wrapper.framework; name = WidgetKit.framework; path = System/Library/Frameworks/WidgetKit.framework; sourceTree = SDKROOT; };
		9345E0F62FE2C59800DC79D9 /* AppIntent.swift */ = {isa = PBXFileReference; lastKnownFileType = sourcecode.swift; path = AppIntent.swift; sourceTree = "<group>"; };
		9345E0F72FE2C59800DC79D9 /* Assets.xcassets */ = {isa = PBXFileReference; lastKnownFileType = folder.assetcatalog; path = Assets.xcassets; sourceTree = "<group>"; };
		9345E0F82FE2C59800DC79D9 /* AuriBudsWidget.swift */ = {isa = PBXFileReference; lastKnownFileType = sourcecode.swift; path = AuriBudsWidget.swift; sourceTree = "<group>"; };
		9345E0F92FE2C59800DC79D9 /* AuriBudsWidgetBundle.swift */ = {isa = PBXFileReference; lastKnownFileType = sourcecode.swift; path = AuriBudsWidgetBundle.swift; sourceTree = "<group>"; };
		9345E0FA2FE2C59800DC79D9 /* AuriBudsWidgetControl.swift */ = {isa = PBXFileReference; lastKnownFileType = sourcecode.swift; path = AuriBudsWidgetControl.swift; sourceTree = "<group>"; };
		9345E0FB2FE2C59800DC79D9 /* Info.plist */ = {isa = PBXFileReference; lastKnownFileType = text.plist.xml; path = Info.plist; sourceTree = "<group>"; };
		9345E1072FE2C5B900DC79D9 /* AuriBuds.app */ = {isa = PBXFileReference; explicitFileType = wrapper.application; includeInIndex = 0; path = AuriBuds.app; sourceTree = BUILT_PRODUCTS_DIR; };
		93F3DFAA2FE6EB36007FD8B8 /* AppIcon.icon */ = {isa = PBXFileReference; lastKnownFileType = folder.iconcomposer.icon; path = AppIcon.icon; sourceTree = "<group>"; };
		93F49AF62FE2C5B900AE665 /* WidgetHeadphoneData.swift */ = {isa = PBXFileReference; lastKnownFileType = sourcecode.swift; path = WidgetHeadphoneData.swift; sourceTree = "<group>"; };
		93F49AF82FE2C5B900AE665 /* CoreBluetooth.framework */ = {isa = PBXFileReference; lastKnownFileType = wrapper.framework; name = CoreBluetooth.framework; path = Platforms/iPhoneOS.platform/Developer/SDKs/iPhoneOS26.0.sdk/System/Library/Frameworks/CoreBluetooth.framework; sourceTree = DEVELOPER_DIR; };
		AA1000020000000000000001 /* IOBluetooth.framework */ = {isa = PBXFileReference; lastKnownFileType = wrapper.framework; name = IOBluetooth.framework; path = System/Library/Frameworks/IOBluetooth.framework; sourceTree = SDKROOT; };
		AA1000020000000000000002 /* CoreBluetooth.framework */ = {isa = PBXFileReference; lastKnownFileType = wrapper.framework; name = CoreBluetooth.framework; path = System/Library/Frameworks/CoreBluetooth.framework; sourceTree = SDKROOT; };
		AA1000030000000000000001 /* AuriBuds.app */ = {isa = PBXFileReference; explicitFileType = wrapper.application; includeInIndex = 0; path = AuriBuds.app; sourceTree = BUILT_PRODUCTS_DIR; };
/* End PBXFileReference section */

/* Begin PBXFileSystemSynchronizedRootGroup section */
		9345E1082FE2C5B900DC79D9 /* AuriBudsIOS */ = {
			isa = PBXFileSystemSynchronizedRootGroup;
			path = AuriBudsIOS;
			sourceTree = "<group>";
		};
		AA1000040000000000000001 /* AuriBuds */ = {
			isa = PBXFileSystemSynchronizedRootGroup;
			path = AuriBuds;
			sourceTree = "<group>";
		};
/* End PBXFileSystemSynchronizedRootGroup section */

/* Begin PBXFrameworksBuildPhase section */
		9345E0D82FE2920200DC79D9 /* Frameworks */ = {
			isa = PBXFrameworksBuildPhase;
			buildActionMask = 2147483647;
			files = (
				9345E0DF2FE2920200DC79D9 /* SwiftUI.framework in Frameworks */,
				9345E0F52FE2C58800DC79D9 /* WidgetKit.framework in Frameworks */,
			);
			runOnlyForDeploymentPostprocessing = 0;
		};
		9345E1042FE2C5B900DC79D9 /* Frameworks */ = {
			isa = PBXFrameworksBuildPhase;
			buildActionMask = 2147483647;
			files = (
				93F49AF92FE2C5B900AE665 /* CoreBluetooth.framework in Frameworks */,
			);
			runOnlyForDeploymentPostprocessing = 0;
		};
		AA1000050000000000000001 /* Frameworks */ = {
			isa = PBXFrameworksBuildPhase;
			buildActionMask = 2147483647;
			files = (
				AA1000010000000000000001 /* IOBluetooth.framework in Frameworks */,
				AA1000010000000000000002 /* CoreBluetooth.framework in Frameworks */,
				AA1000010000000000000003 /* WidgetKit.framework in Frameworks */,
			);
			runOnlyForDeploymentPostprocessing = 0;
		};
/* End PBXFrameworksBuildPhase section */

/* Begin PBXGroup section */
		9345E0FC2FE2C59800DC79D9 /* AuriBudsWidget */ = {
			isa = PBXGroup;
			children = (
				9345E0F62FE2C59800DC79D9 /* AppIntent.swift */,
				9345E0F72FE2C59800DC79D9 /* Assets.xcassets */,
				9345E0F82FE2C59800DC79D9 /* AuriBudsWidget.swift */,
				9345E0F92FE2C59800DC79D9 /* AuriBudsWidgetBundle.swift */,
				9345E0FA2FE2C59800DC79D9 /* AuriBudsWidgetControl.swift */,
				9345E0FB2FE2C59800DC79D9 /* Info.plist */,
				93F49AF62FE2C5B900AE665 /* WidgetHeadphoneData.swift */,
			);
			path = AuriBudsWidget;
			sourceTree = "<group>";
		};
		AA1000060000000000000001 = {
			isa = PBXGroup;
			children = (
				AA1000040000000000000001 /* AuriBuds */,
				9345E1082FE2C5B900DC79D9 /* AuriBudsIOS */,
				AA1000070000000000000001 /* Frameworks */,
				AA1000080000000000000001 /* Products */,
				9345E0FC2FE2C59800DC79D9 /* AuriBudsWidget */,
				93F3DFAA2FE6EB36007FD8B8 /* AppIcon.icon */,
			);
			sourceTree = "<group>";
		};
		AA1000070000000000000001 /* Frameworks */ = {
			isa = PBXGroup;
			children = (
				93F49AF82FE2C5B900AE665 /* CoreBluetooth.framework */,
				9345E0F42FE2C58800DC79D9 /* WidgetKit.framework */,
				AA1000020000000000000001 /* IOBluetooth.framework */,
				AA1000020000000000000002 /* CoreBluetooth.framework */,
				9345E0DE2FE2920200DC79D9 /* SwiftUI.framework */,
			);
			name = Frameworks;
			sourceTree = "<group>";
		};
		AA1000080000000000000001 /* Products */ = {
			isa = PBXGroup;
			children = (
				AA1000030000000000000001 /* AuriBuds.app */,
				9345E0DB2FE2920200DC79D9 /* AuriBudsWidgetExtension.appex */,
				9345E1072FE2C5B900DC79D9 /* AuriBuds.app */,
			);
			name = Products;
			sourceTree = "<group>";
		};
/* End PBXGroup section */

/* Begin PBXNativeTarget section */
		9345E0DA2FE2920200DC79D9 /* AuriBudsWidgetExtension */ = {
			isa = PBXNativeTarget;
			buildConfigurationList = 9345E0F02FE2920300DC79D9 /* Build configuration list for PBXNativeTarget "AuriBudsWidgetExtension" */;
			buildPhases = (
				9345E0D72FE2920200DC79D9 /* Sources */,
				9345E0D82FE2920200DC79D9 /* Frameworks */,
				9345E0D92FE2920200DC79D9 /* Resources */,
			);
			buildRules = (
			);
			dependencies = (
			);
			name = AuriBudsWidgetExtension;
			packageProductDependencies = (
			);
			productName = AuriBudsWidgetExtension;
			productReference = 9345E0DB2FE2920200DC79D9 /* AuriBudsWidgetExtension.appex */;
			productType = "com.apple.product-type.app-extension";
		};
		9345E1062FE2C5B900DC79D9 /* AuriBudsIOS */ = {
			isa = PBXNativeTarget;
			buildConfigurationList = 9345E10F2FE2C5BA00DC79D9 /* Build configuration list for PBXNativeTarget "AuriBudsIOS" */;
			buildPhases = (
				9345E1032FE2C5B900DC79D9 /* Sources */,
				9345E1042FE2C5B900DC79D9 /* Frameworks */,
				9345E1052FE2C5B900DC79D9 /* Resources */,
			);
			buildRules = (
			);
			dependencies = (
			);
			fileSystemSynchronizedGroups = (
				9345E1082FE2C5B900DC79D9 /* AuriBudsIOS */,
				AA1000040000000000000001 /* AuriBuds */,
			);
			name = AuriBudsIOS;
			packageProductDependencies = (
			);
			productName = AuriBudsIOS;
			productReference = 9345E1072FE2C5B900DC79D9 /* AuriBuds.app */;
			productType = "com.apple.product-type.application";
		};
		AA1000090000000000000001 /* AuriBuds */ = {
			isa = PBXNativeTarget;
			buildConfigurationList = AA10000A0000000000000001 /* Build configuration list for PBXNativeTarget "AuriBuds" */;
			buildPhases = (
				AA10000B0000000000000001 /* Sources */,
				AA1000050000000000000001 /* Frameworks */,
				AA10000C0000000000000001 /* Resources */,
				9345E0F32FE2920300DC79D9 /* Embed Foundation Extensions */,
			);
			buildRules = (
			);
			dependencies = (
				9345E0ED2FE2920300DC79D9 /* PBXTargetDependency */,
			);
			fileSystemSynchronizedGroups = (
				AA1000040000000000000001 /* AuriBuds */,
			);
			name = AuriBuds;
			packageProductDependencies = (
			);
			productName = AuriBuds;
			productReference = AA1000030000000000000001 /* AuriBuds.app */;
			productType = "com.apple.product-type.application";
		};
/* End PBXNativeTarget section */

/* Begin PBXProject section */
		AA10000D0000000000000001 /* Project object */ = {
			isa = PBXProject;
			attributes = {
				BuildIndependentTargetsInParallel = 1;
				LastSwiftUpdateCheck = 2700;
				LastUpgradeCheck = 2650;
				TargetAttributes = {
					9345E0DA2FE2920200DC79D9 = {
						CreatedOnToolsVersion = 27.0;
					};
					9345E1062FE2C5B900DC79D9 = {
						CreatedOnToolsVersion = 27.0;
					};
					AA1000090000000000000001 = {
						CreatedOnToolsVersion = 26.5;
					};
				};
			};
			buildConfigurationList = AA10000E0000000000000001 /* Build configuration list for PBXProject "AuriBuds" */;
			developmentRegion = en;
			hasScannedForEncodings = 0;
			knownRegions = (
				en,
				Base,
			);
			mainGroup = AA1000060000000000000001;
			minimizedProjectReferenceProxies = 1;
			preferredProjectObjectVersion = 77;
			productRefGroup = AA1000080000000000000001 /* Products */;
			projectDirPath = "";
			projectRoot = "";
			targets = (
				AA1000090000000000000001 /* AuriBuds */,
				9345E0DA2FE2920200DC79D9 /* AuriBudsWidgetExtension */,
				9345E1062FE2C5B900DC79D9 /* AuriBudsIOS */,
			);
		};
/* End PBXProject section */

/* Begin PBXResourcesBuildPhase section */
		9345E0D92FE2920200DC79D9 /* Resources */ = {
			isa = PBXResourcesBuildPhase;
			buildActionMask = 2147483647;
			files = (
				9345E0FE2FE2C59800DC79D9 /* Assets.xcassets in Resources */,
			);
			runOnlyForDeploymentPostprocessing = 0;
		};
		9345E1052FE2C5B900DC79D9 /* Resources */ = {
			isa = PBXResourcesBuildPhase;
			buildActionMask = 2147483647;
			files = (
				93F3DFAB2FE6EB36007FD8B8 /* AppIcon.icon in Resources */,
			);
			runOnlyForDeploymentPostprocessing = 0;
		};
		AA10000C0000000000000001 /* Resources */ = {
			isa = PBXResourcesBuildPhase;
			buildActionMask = 2147483647;
			files = (
				93F3DFAC2FE6EB36007FD8B8 /* AppIcon.icon in Resources */,
			);
			runOnlyForDeploymentPostprocessing = 0;
		};
/* End PBXResourcesBuildPhase section */

/* Begin PBXSourcesBuildPhase section */
		9345E0D72FE2920200DC79D9 /* Sources */ = {
			isa = PBXSourcesBuildPhase;
			buildActionMask = 2147483647;
			files = (
				9345E0FF2FE2C59800DC79D9 /* AuriBudsWidgetControl.swift in Sources */,
				9345E1002FE2C59800DC79D9 /* AuriBudsWidget.swift in Sources */,
				9345E1012FE2C59800DC79D9 /* AuriBudsWidgetBundle.swift in Sources */,
				9345E1022FE2C59800DC79D9 /* AppIntent.swift in Sources */,
				93F49AF72FE2C5B900AE665 /* WidgetHeadphoneData.swift in Sources */,
			);
			runOnlyForDeploymentPostprocessing = 0;
		};
		9345E1032FE2C5B900DC79D9 /* Sources */ = {
			isa = PBXSourcesBuildPhase;
			buildActionMask = 2147483647;
			files = (
			);
			runOnlyForDeploymentPostprocessing = 0;
		};
		AA10000B0000000000000001 /* Sources */ = {
			isa = PBXSourcesBuildPhase;
			buildActionMask = 2147483647;
			files = (
			);
			runOnlyForDeploymentPostprocessing = 0;
		};
/* End PBXSourcesBuildPhase section */

/* Begin PBXTargetDependency section */
		9345E0ED2FE2920300DC79D9 /* PBXTargetDependency */ = {
			isa = PBXTargetDependency;
			target = 9345E0DA2FE2920200DC79D9 /* AuriBudsWidgetExtension */;
			targetProxy = 9345E0EC2FE2920300DC79D9 /* PBXContainerItemProxy */;
		};
/* End PBXTargetDependency section */

/* Begin XCBuildConfiguration section */
		9345E0F12FE2920300DC79D9 /* Debug */ = {
			isa = XCBuildConfiguration;
			buildSettings = {
				ASSETCATALOG_COMPILER_GENERATE_SWIFT_ASSET_SYMBOL_EXTENSIONS = YES;
				ASSETCATALOG_COMPILER_GLOBAL_ACCENT_COLOR_NAME = AccentColor;
				ASSETCATALOG_COMPILER_WIDGET_BACKGROUND_COLOR_NAME = WidgetBackground;
				CODE_SIGN_ENTITLEMENTS = AuriBudsWidget/AuriBudsWidget.entitlements;
				CODE_SIGN_STYLE = Automatic;
				CURRENT_PROJECT_VERSION = 1;
				DEVELOPMENT_TEAM = Q2MYMMS768;
				ENABLE_APP_SANDBOX = YES;
				ENABLE_HARDENED_RUNTIME = YES;
				ENABLE_INCOMING_NETWORK_CONNECTIONS = NO;
				ENABLE_OUTGOING_NETWORK_CONNECTIONS = NO;
				ENABLE_RESOURCE_ACCESS_AUDIO_INPUT = NO;
				ENABLE_RESOURCE_ACCESS_BLUETOOTH = YES;
				ENABLE_RESOURCE_ACCESS_CALENDARS = NO;
				ENABLE_RESOURCE_ACCESS_CAMERA = NO;
				ENABLE_RESOURCE_ACCESS_CONTACTS = NO;
				ENABLE_RESOURCE_ACCESS_LOCATION = NO;
				ENABLE_RESOURCE_ACCESS_PRINTING = NO;
				ENABLE_RESOURCE_ACCESS_USB = NO;
				GCC_PREPROCESSOR_DEFINITIONS = (
					"DEBUG=1",
					"$(inherited)",
				);
				GENERATE_INFOPLIST_FILE = YES;
				INFOPLIST_FILE = AuriBudsWidget/Info.plist;
				INFOPLIST_KEY_CFBundleDisplayName = AuriBudsWidget;
				INFOPLIST_KEY_NSHumanReadableCopyright = "";
				LD_RUNPATH_SEARCH_PATHS = (
					"$(inherited)",
					"@executable_path/../Frameworks",
					"@executable_path/../../../../Frameworks",
				);
				LOCALIZATION_PREFERS_STRING_CATALOGS = YES;
				MACOSX_DEPLOYMENT_TARGET = 26.0;
				MARKETING_VERSION = 1.0;
				PRODUCT_BUNDLE_IDENTIFIER = top.aurysian.auribuds.AuriBudsWidget;
				PRODUCT_NAME = "$(TARGET_NAME)";
				SKIP_INSTALL = YES;
				STRING_CATALOG_GENERATE_SYMBOLS = YES;
				SWIFT_APPROACHABLE_CONCURRENCY = YES;
				SWIFT_EMIT_LOC_STRINGS = YES;
				SWIFT_UPCOMING_FEATURE_MEMBER_IMPORT_VISIBILITY = YES;
				SWIFT_VERSION = 5.0;
			};
			name = Debug;
		};
		9345E0F22FE2920300DC79D9 /* Release */ = {
			isa = XCBuildConfiguration;
			buildSettings = {
				ASSETCATALOG_COMPILER_GENERATE_SWIFT_ASSET_SYMBOL_EXTENSIONS = YES;
				ASSETCATALOG_COMPILER_GLOBAL_ACCENT_COLOR_NAME = AccentColor;
				ASSETCATALOG_COMPILER_WIDGET_BACKGROUND_COLOR_NAME = WidgetBackground;
				CODE_SIGN_ENTITLEMENTS = AuriBudsWidget/AuriBudsWidget.entitlements;
				CODE_SIGN_STYLE = Automatic;
				CURRENT_PROJECT_VERSION = 1;
				DEVELOPMENT_TEAM = Q2MYMMS768;
				ENABLE_APP_SANDBOX = YES;
				ENABLE_HARDENED_RUNTIME = YES;
				ENABLE_INCOMING_NETWORK_CONNECTIONS = NO;
				ENABLE_NS_ASSERTIONS = NO;
				ENABLE_OUTGOING_NETWORK_CONNECTIONS = NO;
				ENABLE_RESOURCE_ACCESS_AUDIO_INPUT = NO;
				ENABLE_RESOURCE_ACCESS_BLUETOOTH = YES;
				ENABLE_RESOURCE_ACCESS_CALENDARS = NO;
				ENABLE_RESOURCE_ACCESS_CAMERA = NO;
				ENABLE_RESOURCE_ACCESS_CONTACTS = NO;
				ENABLE_RESOURCE_ACCESS_LOCATION = NO;
				ENABLE_RESOURCE_ACCESS_PRINTING = NO;
				ENABLE_RESOURCE_ACCESS_USB = NO;
				GENERATE_INFOPLIST_FILE = YES;
				INFOPLIST_FILE = AuriBudsWidget/Info.plist;
				INFOPLIST_KEY_CFBundleDisplayName = AuriBudsWidget;
				INFOPLIST_KEY_NSHumanReadableCopyright = "";
				LD_RUNPATH_SEARCH_PATHS = (
					"$(inherited)",
					"@executable_path/../Frameworks",
					"@executable_path/../../../../Frameworks",
				);
				LOCALIZATION_PREFERS_STRING_CATALOGS = YES;
				MACOSX_DEPLOYMENT_TARGET = 26.0;
				MARKETING_VERSION = 1.0;
				PRODUCT_BUNDLE_IDENTIFIER = top.aurysian.auribuds.AuriBudsWidget;
				PRODUCT_NAME = "$(TARGET_NAME)";
				SKIP_INSTALL = YES;
				STRING_CATALOG_GENERATE_SYMBOLS = YES;
				SWIFT_APPROACHABLE_CONCURRENCY = YES;
				SWIFT_EMIT_LOC_STRINGS = YES;
				SWIFT_UPCOMING_FEATURE_MEMBER_IMPORT_VISIBILITY = YES;
				SWIFT_VERSION = 5.0;
			};
			name = Release;
		};
		9345E1102FE2C5BA00DC79D9 /* Debug */ = {
			isa = XCBuildConfiguration;
			buildSettings = {
				ASSETCATALOG_COMPILER_APPICON_NAME = AppIcon;
				ASSETCATALOG_COMPILER_GENERATE_SWIFT_ASSET_SYMBOL_EXTENSIONS = YES;
				ASSETCATALOG_COMPILER_GLOBAL_ACCENT_COLOR_NAME = AccentColor;
				CODE_SIGN_STYLE = Automatic;
				CURRENT_PROJECT_VERSION = 1;
				DEVELOPMENT_TEAM = Q2MYMMS768;
				ENABLE_PREVIEWS = YES;
				GCC_PREPROCESSOR_DEFINITIONS = (
					"DEBUG=1",
					"$(inherited)",
				);
				GENERATE_INFOPLIST_FILE = YES;
				INFOPLIST_KEY_CFBundleDisplayName = AuriBuds;
				INFOPLIST_KEY_NSBluetoothAlwaysUsageDescription = "AuriBuds uses Bluetooth to discover and control nearby earbuds.";
				INFOPLIST_KEY_UIApplicationSceneManifest_Generation = YES;
				INFOPLIST_KEY_UIApplicationSupportsIndirectInputEvents = YES;
				INFOPLIST_KEY_UILaunchScreen_Generation = YES;
				INFOPLIST_KEY_UILaunchStoryboardName = "";
				INFOPLIST_KEY_UISupportedInterfaceOrientations_iPad = "UIInterfaceOrientationPortrait UIInterfaceOrientationPortraitUpsideDown UIInterfaceOrientationLandscapeLeft UIInterfaceOrientationLandscapeRight";
				INFOPLIST_KEY_UISupportedInterfaceOrientations_iPhone = "UIInterfaceOrientationPortrait UIInterfaceOrientationLandscapeLeft UIInterfaceOrientationLandscapeRight";
				IPHONEOS_DEPLOYMENT_TARGET = 26.0;
				LD_RUNPATH_SEARCH_PATHS = (
					"$(inherited)",
					"@executable_path/Frameworks",
				);
				LOCALIZATION_PREFERS_STRING_CATALOGS = YES;
				MARKETING_VERSION = 1.0;
				PRODUCT_BUNDLE_IDENTIFIER = top.aurysian.auribuds.AuriBudsIOS;
				PRODUCT_NAME = AuriBuds;
				SDKROOT = iphoneos;
				STRING_CATALOG_GENERATE_SYMBOLS = YES;
				SUPPORTED_PLATFORMS = "iphoneos iphonesimulator";
				SUPPORTS_MACCATALYST = NO;
				SUPPORTS_MAC_DESIGNED_FOR_IPHONE_IPAD = NO;
				SUPPORTS_XR_DESIGNED_FOR_IPHONE_IPAD = NO;
				SWIFT_APPROACHABLE_CONCURRENCY = YES;
				SWIFT_EMIT_LOC_STRINGS = YES;
				SWIFT_UPCOMING_FEATURE_MEMBER_IMPORT_VISIBILITY = YES;
				SWIFT_VERSION = 5.0;
				TARGETED_DEVICE_FAMILY = "1,2";
			};
			name = Debug;
		};
		9345E1112FE2C5BA00DC79D9 /* Release */ = {
			isa = XCBuildConfiguration;
			buildSettings = {
				ASSETCATALOG_COMPILER_APPICON_NAME = AppIcon;
				ASSETCATALOG_COMPILER_GENERATE_SWIFT_ASSET_SYMBOL_EXTENSIONS = YES;
				ASSETCATALOG_COMPILER_GLOBAL_ACCENT_COLOR_NAME = AccentColor;
				CODE_SIGN_STYLE = Automatic;
				CURRENT_PROJECT_VERSION = 1;
				DEVELOPMENT_TEAM = Q2MYMMS768;
				ENABLE_NS_ASSERTIONS = NO;
				ENABLE_PREVIEWS = YES;
				GENERATE_INFOPLIST_FILE = YES;
				INFOPLIST_KEY_CFBundleDisplayName = AuriBuds;
				INFOPLIST_KEY_NSBluetoothAlwaysUsageDescription = "AuriBuds uses Bluetooth to discover and control nearby earbuds.";
				INFOPLIST_KEY_UIApplicationSceneManifest_Generation = YES;
				INFOPLIST_KEY_UIApplicationSupportsIndirectInputEvents = YES;
				INFOPLIST_KEY_UILaunchScreen_Generation = YES;
				INFOPLIST_KEY_UILaunchStoryboardName = "";
				INFOPLIST_KEY_UISupportedInterfaceOrientations_iPad = "UIInterfaceOrientationPortrait UIInterfaceOrientationPortraitUpsideDown UIInterfaceOrientationLandscapeLeft UIInterfaceOrientationLandscapeRight";
				INFOPLIST_KEY_UISupportedInterfaceOrientations_iPhone = "UIInterfaceOrientationPortrait UIInterfaceOrientationLandscapeLeft UIInterfaceOrientationLandscapeRight";
				IPHONEOS_DEPLOYMENT_TARGET = 26.0;
				LD_RUNPATH_SEARCH_PATHS = (
					"$(inherited)",
					"@executable_path/Frameworks",
				);
				LOCALIZATION_PREFERS_STRING_CATALOGS = YES;
				MARKETING_VERSION = 1.0;
				PRODUCT_BUNDLE_IDENTIFIER = top.aurysian.auribuds.AuriBudsIOS;
				PRODUCT_NAME = AuriBuds;
				SDKROOT = iphoneos;
				STRING_CATALOG_GENERATE_SYMBOLS = YES;
				SUPPORTED_PLATFORMS = "iphoneos iphonesimulator";
				SUPPORTS_MACCATALYST = NO;
				SUPPORTS_MAC_DESIGNED_FOR_IPHONE_IPAD = NO;
				SUPPORTS_XR_DESIGNED_FOR_IPHONE_IPAD = NO;
				SWIFT_APPROACHABLE_CONCURRENCY = YES;
				SWIFT_EMIT_LOC_STRINGS = YES;
				SWIFT_UPCOMING_FEATURE_MEMBER_IMPORT_VISIBILITY = YES;
				SWIFT_VERSION = 5.0;
				TARGETED_DEVICE_FAMILY = "1,2";
				VALIDATE_PRODUCT = YES;
			};
			name = Release;
		};
		AA10000F0000000000000001 /* Debug */ = {
			isa = XCBuildConfiguration;
			buildSettings = {
				ALWAYS_SEARCH_USER_PATHS = NO;
				ASSETCATALOG_COMPILER_APPICON_NAME = "";
				CLANG_ANALYZER_NONNULL = YES;
				CLANG_ANALYZER_NUMBER_OBJECT_CONVERSION = YES_AGGRESSIVE;
				CLANG_CXX_LANGUAGE_STANDARD = "gnu++20";
				CLANG_ENABLE_MODULES = YES;
				CLANG_ENABLE_OBJC_ARC = YES;
				CLANG_ENABLE_OBJC_WEAK = YES;
				CLANG_WARN_BLOCK_CAPTURE_AUTORELEASING = YES;
				CLANG_WARN_BOOL_CONVERSION = YES;
				CLANG_WARN_COMMA = YES;
				CLANG_WARN_CONSTANT_CONVERSION = YES;
				CLANG_WARN_DEPRECATED_OBJC_IMPLEMENTATIONS = YES;
				CLANG_WARN_DIRECT_OBJC_ISA_USAGE = YES_ERROR;
				CLANG_WARN_DOCUMENTATION_COMMENTS = YES;
				CLANG_WARN_EMPTY_BODY = YES;
				CLANG_WARN_ENUM_CONVERSION = YES;
				CLANG_WARN_INFINITE_RECURSION = YES;
				CLANG_WARN_INT_CONVERSION = YES;
				CLANG_WARN_NON_LITERAL_NULL_CONVERSION = YES;
				CLANG_WARN_OBJC_IMPLICIT_RETAIN_SELF = YES;
				CLANG_WARN_OBJC_LITERAL_CONVERSION = YES;
				CLANG_WARN_OBJC_ROOT_CLASS = YES_ERROR;
				CLANG_WARN_QUOTED_INCLUDE_IN_FRAMEWORK_HEADER = YES;
				CLANG_WARN_RANGE_LOOP_ANALYSIS = YES;
				CLANG_WARN_STRICT_PROTOTYPES = YES;
				CLANG_WARN_SUSPICIOUS_MOVE = YES;
				CLANG_WARN_UNGUARDED_AVAILABILITY = YES_AGGRESSIVE;
				CLANG_WARN_UNREACHABLE_CODE = YES;
				CLANG_WARN__DUPLICATE_METHOD_MATCH = YES;
				COPY_PHASE_STRIP = NO;
				DEBUG_INFORMATION_FORMAT = dwarf;
				DEVELOPMENT_TEAM = Q2MYMMS768;
				ENABLE_STRICT_OBJC_MSGSEND = YES;
				ENABLE_TESTABILITY = YES;
				ENABLE_USER_SCRIPT_SANDBOXING = YES;
				GCC_C_LANGUAGE_STANDARD = gnu17;
				GCC_DYNAMIC_NO_PIC = NO;
				GCC_NO_COMMON_BLOCKS = YES;
				GCC_OPTIMIZATION_LEVEL = 0;
				GCC_WARN_64_TO_32_BIT_CONVERSION = YES;
				GCC_WARN_ABOUT_RETURN_TYPE = YES_ERROR;
				GCC_WARN_UNDECLARED_SELECTOR = YES;
				GCC_WARN_UNINITIALIZED_AUTOS = YES_AGGRESSIVE;
				GCC_WARN_UNUSED_FUNCTION = YES;
				GCC_WARN_UNUSED_VARIABLE = YES;
				MACOSX_DEPLOYMENT_TARGET = 15.0;
				MTL_ENABLE_DEBUG_INFO = INCLUDE_SOURCE;
				MTL_FAST_MATH = YES;
				ONLY_ACTIVE_ARCH = YES;
				SDKROOT = macosx;
				SWIFT_ACTIVE_COMPILATION_CONDITIONS = "DEBUG $(inherited)";
				SWIFT_OPTIMIZATION_LEVEL = "-Onone";
				SWIFT_VERSION = 6.0;
			};
			name = Debug;
		};
		AA1000100000000000000001 /* Release */ = {
			isa = XCBuildConfiguration;
			buildSettings = {
				ALWAYS_SEARCH_USER_PATHS = NO;
				ASSETCATALOG_COMPILER_APPICON_NAME = "";
				CLANG_ANALYZER_NONNULL = YES;
				CLANG_ANALYZER_NUMBER_OBJECT_CONVERSION = YES_AGGRESSIVE;
				CLANG_CXX_LANGUAGE_STANDARD = "gnu++20";
				CLANG_ENABLE_MODULES = YES;
				CLANG_ENABLE_OBJC_ARC = YES;
				CLANG_ENABLE_OBJC_WEAK = YES;
				CLANG_WARN_BLOCK_CAPTURE_AUTORELEASING = YES;
				CLANG_WARN_BOOL_CONVERSION = YES;
				CLANG_WARN_COMMA = YES;
				CLANG_WARN_CONSTANT_CONVERSION = YES;
				CLANG_WARN_DEPRECATED_OBJC_IMPLEMENTATIONS = YES;
				CLANG_WARN_DIRECT_OBJC_ISA_USAGE = YES_ERROR;
				CLANG_WARN_DOCUMENTATION_COMMENTS = YES;
				CLANG_WARN_EMPTY_BODY = YES;
				CLANG_WARN_ENUM_CONVERSION = YES;
				CLANG_WARN_INFINITE_RECURSION = YES;
				CLANG_WARN_INT_CONVERSION = YES;
				CLANG_WARN_NON_LITERAL_NULL_CONVERSION = YES;
				CLANG_WARN_OBJC_IMPLICIT_RETAIN_SELF = YES;
				CLANG_WARN_OBJC_LITERAL_CONVERSION = YES;
				CLANG_WARN_OBJC_ROOT_CLASS = YES_ERROR;
				CLANG_WARN_QUOTED_INCLUDE_IN_FRAMEWORK_HEADER = YES;
				CLANG_WARN_RANGE_LOOP_ANALYSIS = YES;
				CLANG_WARN_STRICT_PROTOTYPES = YES;
				CLANG_WARN_SUSPICIOUS_MOVE = YES;
				CLANG_WARN_UNGUARDED_AVAILABILITY = YES_AGGRESSIVE;
				CLANG_WARN_UNREACHABLE_CODE = YES;
				CLANG_WARN__DUPLICATE_METHOD_MATCH = YES;
				COPY_PHASE_STRIP = NO;
				DEBUG_INFORMATION_FORMAT = "dwarf-with-dsym";
				DEVELOPMENT_TEAM = Q2MYMMS768;
				ENABLE_STRICT_OBJC_MSGSEND = YES;
				ENABLE_USER_SCRIPT_SANDBOXING = YES;
				GCC_C_LANGUAGE_STANDARD = gnu17;
				GCC_NO_COMMON_BLOCKS = YES;
				GCC_WARN_64_TO_32_BIT_CONVERSION = YES;
				GCC_WARN_ABOUT_RETURN_TYPE = YES_ERROR;
				GCC_WARN_UNDECLARED_SELECTOR = YES;
				GCC_WARN_UNINITIALIZED_AUTOS = YES_AGGRESSIVE;
				GCC_WARN_UNUSED_FUNCTION = YES;
				GCC_WARN_UNUSED_VARIABLE = YES;
				MACOSX_DEPLOYMENT_TARGET = 15.0;
				MTL_ENABLE_DEBUG_INFO = NO;
				MTL_FAST_MATH = YES;
				SDKROOT = macosx;
				SWIFT_COMPILATION_MODE = wholemodule;
				SWIFT_VERSION = 6.0;
			};
			name = Release;
		};
		AA1000110000000000000001 /* Debug */ = {
			isa = XCBuildConfiguration;
			buildSettings = {
				ASSETCATALOG_COMPILER_APPICON_NAME = AppIcon;
				ASSETCATALOG_COMPILER_INCLUDE_ALL_APPICON_ASSETS = NO;
				CODE_SIGN_ENTITLEMENTS = AuriBuds/AuriBuds.entitlements;
				CODE_SIGN_STYLE = Automatic;
				COMBINE_HIDPI_IMAGES = YES;
				CURRENT_PROJECT_VERSION = 1;
				DEVELOPMENT_TEAM = Q2MYMMS768;
				ENABLE_APP_SANDBOX = YES;
				ENABLE_HARDENED_RUNTIME = YES;
				ENABLE_PREVIEWS = YES;
				GENERATE_INFOPLIST_FILE = NO;
				INFOPLIST_FILE = "AuriBuds-Info.plist";
				IPHONEOS_DEPLOYMENT_TARGET = 18.6;
				LD_RUNPATH_SEARCH_PATHS = (
					"$(inherited)",
					"@executable_path/../Frameworks",
				);
				MACOSX_DEPLOYMENT_TARGET = 26.0;
				MARKETING_VERSION = "0.1 Beta";
				PRODUCT_BUNDLE_IDENTIFIER = top.aurysian.auribuds;
				PRODUCT_NAME = "$(TARGET_NAME)";
				STRING_CATALOG_GENERATE_SYMBOLS = YES;
				SUPPORTED_PLATFORMS = macosx;
				SUPPORTS_MACCATALYST = NO;
				SWIFT_VERSION = 5.0;
			};
			name = Debug;
		};
		AA1000120000000000000001 /* Release */ = {
			isa = XCBuildConfiguration;
			buildSettings = {
				ASSETCATALOG_COMPILER_APPICON_NAME = AppIcon;
				ASSETCATALOG_COMPILER_INCLUDE_ALL_APPICON_ASSETS = NO;
				CODE_SIGN_ENTITLEMENTS = AuriBuds/AuriBuds.entitlements;
				CODE_SIGN_STYLE = Automatic;
				COMBINE_HIDPI_IMAGES = YES;
				CURRENT_PROJECT_VERSION = 1;
				DEVELOPMENT_TEAM = Q2MYMMS768;
				ENABLE_APP_SANDBOX = YES;
				ENABLE_HARDENED_RUNTIME = YES;
				ENABLE_PREVIEWS = YES;
				GENERATE_INFOPLIST_FILE = NO;
				INFOPLIST_FILE = "AuriBuds-Info.plist";
				IPHONEOS_DEPLOYMENT_TARGET = 18.6;
				LD_RUNPATH_SEARCH_PATHS = (
					"$(inherited)",
					"@executable_path/../Frameworks",
				);
				MACOSX_DEPLOYMENT_TARGET = 26.0;
				MARKETING_VERSION = "0.1 Beta";
				PRODUCT_BUNDLE_IDENTIFIER = top.aurysian.auribuds;
				PRODUCT_NAME = "$(TARGET_NAME)";
				STRING_CATALOG_GENERATE_SYMBOLS = YES;
				SUPPORTED_PLATFORMS = macosx;
				SUPPORTS_MACCATALYST = NO;
				SWIFT_VERSION = 5.0;
			};
			name = Release;
		};
/* End XCBuildConfiguration section */

/* Begin XCConfigurationList section */
		9345E0F02FE2920300DC79D9 /* Build configuration list for PBXNativeTarget "AuriBudsWidgetExtension" */ = {
			isa = XCConfigurationList;
			buildConfigurations = (
				9345E0F12FE2920300DC79D9 /* Debug */,
				9345E0F22FE2920300DC79D9 /* Release */,
			);
			defaultConfigurationIsVisible = 0;
			defaultConfigurationName = Release;
		};
		9345E10F2FE2C5BA00DC79D9 /* Build configuration list for PBXNativeTarget "AuriBudsIOS" */ = {
			isa = XCConfigurationList;
			buildConfigurations = (
				9345E1102FE2C5BA00DC79D9 /* Debug */,
				9345E1112FE2C5BA00DC79D9 /* Release */,
			);
			defaultConfigurationIsVisible = 0;
			defaultConfigurationName = Release;
		};
		AA10000A0000000000000001 /* Build configuration list for PBXNativeTarget "AuriBuds" */ = {
			isa = XCConfigurationList;
			buildConfigurations = (
				AA1000110000000000000001 /* Debug */,
				AA1000120000000000000001 /* Release */,
			);
			defaultConfigurationIsVisible = 0;
			defaultConfigurationName = Release;
		};
		AA10000E0000000000000001 /* Build configuration list for PBXProject "AuriBuds" */ = {
			isa = XCConfigurationList;
			buildConfigurations = (
				AA10000F0000000000000001 /* Debug */,
				AA1000100000000000000001 /* Release */,
			);
			defaultConfigurationIsVisible = 0;
			defaultConfigurationName = Release;
		};
/* End XCConfigurationList section */
	};
	rootObject = AA10000D0000000000000001 /* Project object */;
}
